# THIS IS AN AUTOGENERATED FILE. DO NOT EDIT THIS FILE DIRECTLY.
# yarn lockfile v1


bootstrap-slider@^10.3.4:
  version "10.3.4"
  resolved "https://registry.yarnpkg.com/bootstrap-slider/-/bootstrap-slider-10.3.4.tgz#92933e95fa045c1356283b217ca8d2e4c5f48c59"
  integrity sha512-q5SHf5gh708S5NCU9uKISmbVocJ3IN+dw6reRKtxQzEYub/KuAkIH4sNcfj2ANtvmnbWE4jGYNpbrlU1JM+sag==

bootstrap@3, bootstrap@^3.3:
  version "3.4.1"
  resolved "https://registry.yarnpkg.com/bootstrap/-/bootstrap-3.4.1.tgz#c3a347d419e289ad11f4033e3c4132b87c081d72"
  integrity sha512-yN5oZVmRCwe5aKwzRj6736nSmKDX7pLYwsXiCj/EYmo16hODaBiT4En5btW/jhBF/seV+XMx3aYwukYC3A49DA==

eonasdan-bootstrap-datetimepicker@^4.17.47:
  version "4.17.47"
  resolved "https://registry.yarnpkg.com/eonasdan-bootstrap-datetimepicker/-/eonasdan-bootstrap-datetimepicker-4.17.47.tgz#7a49970044065276e7965efd16f822735219e735"
  integrity sha1-ekmXAEQGUnbnll79Fvgic1IZ5zU=
  dependencies:
    bootstrap "^3.3"
    jquery "^1.8.3 || ^2.0 || ^3.0"
    moment "^2.10"
    moment-timezone "^0.4.0"

gasparesganga-jquery-loading-overlay@^2.1.6:
  version "2.1.6"
  resolved "https://registry.yarnpkg.com/gasparesganga-jquery-loading-overlay/-/gasparesganga-jquery-loading-overlay-2.1.6.tgz#97f66e01eac5ceebd18d6839b42be841ff0a2615"
  integrity sha512-dcHST/V1PyzPiZXStx7/Bu47aduo8vi2S9m6MlHACcP9gpZmqmyQaOBMm3dSQ34ZOlomfHkXBHPlmsrK7vWkTg==
  dependencies:
    jquery ">=1.7.0"

jquery@>=1.7.0:
  version "3.4.1"
  resolved "https://registry.yarnpkg.com/jquery/-/jquery-3.4.1.tgz#714f1f8d9dde4bdfa55764ba37ef214630d80ef2"
  integrity sha512-36+AdBzCL+y6qjw5Tx7HgzeGCzC81MDDgaUP8ld2zhx58HdqXGoBd+tHdrBMiyjGQs0Hxs/MLZTu/eHNJJuWPw==

"jquery@^1.8.3 || ^2.0 || ^3.0":
  version "3.3.1"
  resolved "https://registry.yarnpkg.com/jquery/-/jquery-3.3.1.tgz#958ce29e81c9790f31be7792df5d4d95fc57fbca"
  integrity sha512-Ubldcmxp5np52/ENotGxlLe6aGMvmF4R8S6tZjsP6Knsaxd/xp3Zrh50cG93lR6nPXyUFwzN3ZSOQI0wRJNdGg==

laravel-echo@^1.6.0:
  version "1.6.1"
  resolved "https://registry.yarnpkg.com/laravel-echo/-/laravel-echo-1.6.1.tgz#7360a48782f606acd0e6cf6fd429905b59606ae6"
  integrity sha512-Nj+vg6IwnXh65Oe+HrIrjOFX5xwR1ln9YgdxPWzuYNOuvT4ZimhkmIe5jb7D3muBPVRUoOY9W4c6YgJ4L0L6+Q==

moment-timezone@^0.4.0:
  version "0.4.1"
  resolved "https://registry.yarnpkg.com/moment-timezone/-/moment-timezone-0.4.1.tgz#81f598c3ad5e22cdad796b67ecd8d88d0f5baa06"
  integrity sha1-gfWYw61eIs2teWtn7NjYjQ9bqgY=
  dependencies:
    moment ">= 2.6.0"

"moment@>= 2.6.0", moment@^2.10, moment@^2.22.2:
  version "2.22.2"
  resolved "https://registry.yarnpkg.com/moment/-/moment-2.22.2.tgz#3c257f9839fc0e93ff53149632239eb90783ff66"
  integrity sha1-PCV/mDn8DpP/UxSWMiOeuQeD/2Y=

pusher-js@^5.0.2:
  version "5.1.1"
  resolved "https://registry.yarnpkg.com/pusher-js/-/pusher-js-5.1.1.tgz#267495d3a821d511bdb20cf3c624ba0556e0b7df"
  integrity sha512-f2tdoA7NvJQkU8Y/iCH25ZSNGxnwCXrVbwos38isX6gnjsSZ1aksWvyZddm2N0sHJWyl+oPBz/MzU5cevVDyEQ==
